// !$*UTF8*$!
{
	archiveVersion = 1;
	classes = {
	};
	objectVersion = 55;
	objects = {

/* Begin PBXBuildFile section */
		5E419B9A27FBC243006EBFC4 /* AppDelegate.swift in Sources */ = {isa = PBXBuildFile; fileRef = 5E419B9927FBC243006EBFC4 /* AppDelegate.swift */; };
		5E419B9C27FBC243006EBFC4 /* SceneDelegate.swift in Sources */ = {isa = PBXBuildFile; fileRef = 5E419B9B27FBC243006EBFC4 /* SceneDelegate.swift */; };
		5E419B9E27FBC243006EBFC4 /* ViewController.swift in Sources */ = {isa = PBXBuildFile; fileRef = 5E419B9D27FBC243006EBFC4 /* ViewController.swift */; };
		5E419BA127FBC243006EBFC4 /* Main.storyboard in Resources */ = {isa = PBXBuildFile; fileRef = 5E419B9F27FBC243006EBFC4 /* Main.storyboard */; };
		5E419BA327FBC249006EBFC4 /* Assets.xcassets in Resources */ = {isa = PBXBuildFile; fileRef = 5E419BA227FBC249006EBFC4 /* Assets.xcassets */; };
		5E419BA627FBC249006EBFC4 /* LaunchScreen.storyboard in Resources */ = {isa = PBXBuildFile; fileRef = 5E419BA427FBC249006EBFC4 /* LaunchScreen.storyboard */; };
		5E419BAE27FBDB04006EBFC4 /* DetailViewController.swift in Sources */ = {isa = PBXBuildFile; fileRef = 5E419BAD27FBDB04006EBFC4 /* DetailViewController.swift */; };
		5E54B272280822E100E7265F /* nssl0049.jpg in Resources */ = {isa = PBXBuildFile; fileRef = 5E54B268280822E100E7265F /* nssl0049.jpg */; };
		5E54B273280822E100E7265F /* nssl0046.jpg in Resources */ = {isa = PBXBuildFile; fileRef = 5E54B269280822E100E7265F /* nssl0046.jpg */; };
		5E54B274280822E100E7265F /* nssl0091.jpg in Resources */ = {isa = PBXBuildFile; fileRef = 5E54B26A280822E100E7265F /* nssl0091.jpg */; };
		5E54B275280822E100E7265F /* nssl0045.jpg in Resources */ = {isa = PBXBuildFile; fileRef = 5E54B26B280822E100E7265F /* nssl0045.jpg */; };
		5E54B276280822E100E7265F /* nssl0051.jpg in Resources */ = {isa = PBXBuildFile; fileRef = 5E54B26C280822E100E7265F /* nssl0051.jpg */; };
		5E54B277280822E100E7265F /* nssl0041.jpg in Resources */ = {isa = PBXBuildFile; fileRef = 5E54B26D280822E100E7265F /* nssl0041.jpg */; };
		5E54B278280822E100E7265F /* nssl0042.jpg in Resources */ = {isa = PBXBuildFile; fileRef = 5E54B26E280822E100E7265F /* nssl0042.jpg */; };
		5E54B279280822E100E7265F /* nssl0043.jpg in Resources */ = {isa = PBXBuildFile; fileRef = 5E54B26F280822E100E7265F /* nssl0043.jpg */; };
		5E54B27A280822E100E7265F /* nssl0033.jpg in Resources */ = {isa = PBXBuildFile; fileRef = 5E54B270280822E100E7265F /* nssl0033.jpg */; };
		5E54B27B280822E100E7265F /* nssl0034.jpg in Resources */ = {isa = PBXBuildFile; fileRef = 5E54B271280822E100E7265F /* nssl0034.jpg */; };
/* End PBXBuildFile section */

/* Begin PBXFileReference section */
		5E419B9627FBC243006EBFC4 /* Project1.app */ = {isa = PBXFileReference; explicitFileType = wrapper.application; includeInIndex = 0; path = Project1.app; sourceTree = BUILT_PRODUCTS_DIR; };
		5E419B9927FBC243006EBFC4 /* AppDelegate.swift */ = {isa = PBXFileReference; lastKnownFileType = sourcecode.swift; path = AppDelegate.swift; sourceTree = "<group>"; };
		5E419B9B27FBC243006EBFC4 /* SceneDelegate.swift */ = {isa = PBXFileReference; lastKnownFileType = sourcecode.swift; path = SceneDelegate.swift; sourceTree = "<group>"; };
		5E419B9D27FBC243006EBFC4 /* ViewController.swift */ = {isa = PBXFileReference; indentWidth = 5; lastKnownFileType = sourcecode.swift; path = ViewController.swift; sourceTree = "<group>"; tabWidth = 6; };
		5E419BA027FBC243006EBFC4 /* Base */ = {isa = PBXFileReference; lastKnownFileType = file.storyboard; name = Base; path = Base.lproj/Main.storyboard; sourceTree = "<group>"; };
		5E419BA227FBC249006EBFC4 /* Assets.xcassets */ = {isa = PBXFileReference; lastKnownFileType = folder.assetcatalog; path = Assets.xcassets; sourceTree = "<group>"; };
		5E419BA527FBC249006EBFC4 /* Base */ = {isa = PBXFileReference; lastKnownFileType = file.storyboard; name = Base; path = Base.lproj/LaunchScreen.storyboard; sourceTree = "<group>"; };
		5E419BA727FBC249006EBFC4 /* Info.plist */ = {isa = PBXFileReference; lastKnownFileType = text.plist.xml; path = Info.plist; sourceTree = "<group>"; };
		5E419BAD27FBDB04006EBFC4 /* DetailViewController.swift */ = {isa = PBXFileReference; lastKnownFileType = sourcecode.swift; path = DetailViewController.swift; sourceTree = "<group>"; };
		5E54B268280822E100E7265F /* nssl0049.jpg */ = {isa = PBXFileReference; lastKnownFileType = image.jpeg; path = nssl0049.jpg; sourceTree = "<group>"; };
		5E54B269280822E100E7265F /* nssl0046.jpg */ = {isa = PBXFileReference; lastKnownFileType = image.jpeg; path = nssl0046.jpg; sourceTree = "<group>"; };
		5E54B26A280822E100E7265F /* nssl0091.jpg */ = {isa = PBXFileReference; lastKnownFileType = image.jpeg; path = nssl0091.jpg; sourceTree = "<group>"; };
		5E54B26B280822E100E7265F /* nssl0045.jpg */ = {isa = PBXFileReference; lastKnownFileType = image.jpeg; path = nssl0045.jpg; sourceTree = "<group>"; };
		5E54B26C280822E100E7265F /* nssl0051.jpg */ = {isa = PBXFileReference; lastKnownFileType = image.jpeg; path = nssl0051.jpg; sourceTree = "<group>"; };
		5E54B26D280822E100E7265F /* nssl0041.jpg */ = {isa = PBXFileReference; lastKnownFileType = image.jpeg; path = nssl0041.jpg; sourceTree = "<group>"; };
		5E54B26E280822E100E7265F /* nssl0042.jpg */ = {isa = PBXFileReference; lastKnownFileType = image.jpeg; path = nssl0042.jpg; sourceTree = "<group>"; };
		5E54B26F280822E100E7265F /* nssl0043.jpg */ = {isa = PBXFileReference; lastKnownFileType = image.jpeg; path = nssl0043.jpg; sourceTree = "<group>"; };
		5E54B270280822E100E7265F /* nssl0033.jpg */ = {isa = PBXFileReference; lastKnownFileType = image.jpeg; path = nssl0033.jpg; sourceTree = "<group>"; };
		5E54B271280822E100E7265F /* nssl0034.jpg */ = {isa = PBXFileReference; lastKnownFileType = image.jpeg; path = nssl0034.jpg; sourceTree = "<group>"; };
/* End PBXFileReference section */

/* Begin PBXFrameworksBuildPhase section */
		5E419B9327FBC243006EBFC4 /* Frameworks */ = {
			isa = PBXFrameworksBuildPhase;
			buildActionMask = 2147483647;
			files = (
			);
			runOnlyForDeploymentPostprocessing = 0;
		};
/* End PBXFrameworksBuildPhase section */

/* Begin PBXGroup section */
		5E419B8D27FBC243006EBFC4 = {
			isa = PBXGroup;
			children = (
				5E419B9827FBC243006EBFC4 /* Project1 */,
				5E419B9727FBC243006EBFC4 /* Products */,
			);
			sourceTree = "<group>";
		};
		5E419B9727FBC243006EBFC4 /* Products */ = {
			isa = PBXGroup;
			children = (
				5E419B9627FBC243006EBFC4 /* Project1.app */,
			);
			name = Products;
			sourceTree = "<group>";
		};
		5E419B9827FBC243006EBFC4 /* Project1 */ = {
			isa = PBXGroup;
			children = (
				5E419B9927FBC243006EBFC4 /* AppDelegate.swift */,
				5E419B9B27FBC243006EBFC4 /* SceneDelegate.swift */,
				5E419B9D27FBC243006EBFC4 /* ViewController.swift */,
				5E419BAD27FBDB04006EBFC4 /* DetailViewController.swift */,
				5E419B9F27FBC243006EBFC4 /* Main.storyboard */,
				5E419BA227FBC249006EBFC4 /* Assets.xcassets */,
				5E419BA427FBC249006EBFC4 /* LaunchScreen.storyboard */,
				5E419BA727FBC249006EBFC4 /* Info.plist */,
				5E54B267280822E100E7265F /* Content */,
			);
			path = Project1;
			sourceTree = "<group>";
		};
		5E54B267280822E100E7265F /* Content */ = {
			isa = PBXGroup;
			children = (
				5E54B270280822E100E7265F /* nssl0033.jpg */,
				5E54B271280822E100E7265F /* nssl0034.jpg */,
				5E54B26D280822E100E7265F /* nssl0041.jpg */,
				5E54B26E280822E100E7265F /* nssl0042.jpg */,
				5E54B26F280822E100E7265F /* nssl0043.jpg */,
				5E54B26B280822E100E7265F /* nssl0045.jpg */,
				5E54B269280822E100E7265F /* nssl0046.jpg */,
				5E54B268280822E100E7265F /* nssl0049.jpg */,
				5E54B26C280822E100E7265F /* nssl0051.jpg */,
				5E54B26A280822E100E7265F /* nssl0091.jpg */,
			);
			path = Content;
			sourceTree = "<group>";
		};
/* End PBXGroup section */

/* Begin PBXNativeTarget section */
		5E419B9527FBC243006EBFC4 /* Project1 */ = {
			isa = PBXNativeTarget;
			buildConfigurationList = 5E419BAA27FBC249006EBFC4 /* Build configuration list for PBXNativeTarget "Project1" */;
			buildPhases = (
				5E419B9227FBC243006EBFC4 /* Sources */,
				5E419B9327FBC243006EBFC4 /* Frameworks */,
				5E419B9427FBC243006EBFC4 /* Resources */,
			);
			buildRules = (
			);
			dependencies = (
			);
			name = Project1;
			productName = Project1;
			productReference = 5E419B9627FBC243006EBFC4 /* Project1.app */;
			productType = "com.apple.product-type.application";
		};
/* End PBXNativeTarget section */

/* Begin PBXProject section */
		5E419B8E27FBC243006EBFC4 /* Project object */ = {
			isa = PBXProject;
			attributes = {
				BuildIndependentTargetsInParallel = 1;
				LastSwiftUpdateCheck = 1320;
				LastUpgradeCheck = 1320;
				TargetAttributes = {
					5E419B9527FBC243006EBFC4 = {
						CreatedOnToolsVersion = 13.2.1;
					};
				};
			};
			buildConfigurationList = 5E419B9127FBC243006EBFC4 /* Build configuration list for PBXProject "Project1" */;
			compatibilityVersion = "Xcode 13.0";
			developmentRegion = en;
			hasScannedForEncodings = 0;
			knownRegions = (
				en,
				Base,
			);
			mainGroup = 5E419B8D27FBC243006EBFC4;
			productRefGroup = 5E419B9727FBC243006EBFC4 /* Products */;
			projectDirPath = "";
			projectRoot = "";
			targets = (
				5E419B9527FBC243006EBFC4 /* Project1 */,
			);
		};
/* End PBXProject section */

/* Begin PBXResourcesBuildPhase section */
		5E419B9427FBC243006EBFC4 /* Resources */ = {
			isa = PBXResourcesBuildPhase;
			buildActionMask = 2147483647;
			files = (
				5E54B273280822E100E7265F /* nssl0046.jpg in Resources */,
				5E54B27A280822E100E7265F /* nssl0033.jpg in Resources */,
				5E54B276280822E100E7265F /* nssl0051.jpg in Resources */,
				5E54B274280822E100E7265F /* nssl0091.jpg in Resources */,
				5E54B279280822E100E7265F /* nssl0043.jpg in Resources */,
				5E54B27B280822E100E7265F /* nssl0034.jpg in Resources */,
				5E54B272280822E100E7265F /* nssl0049.jpg in Resources */,
				5E54B277280822E100E7265F /* nssl0041.jpg in Resources */,
				5E54B278280822E100E7265F /* nssl0042.jpg in Resources */,
				5E419BA627FBC249006EBFC4 /* LaunchScreen.storyboard in Resources */,
				5E419BA327FBC249006EBFC4 /* Assets.xcassets in Resources */,
				5E54B275280822E100E7265F /* nssl0045.jpg in Resources */,
				5E419BA127FBC243006EBFC4 /* Main.storyboard in Resources */,
			);
			runOnlyForDeploymentPostprocessing = 0;
		};
/* End PBXResourcesBuildPhase section */

/* Begin PBXSourcesBuildPhase section */
		5E419B9227FBC243006EBFC4 /* Sources */ = {
			isa = PBXSourcesBuildPhase;
			buildActionMask = 2147483647;
			files = (
				5E419B9E27FBC243006EBFC4 /* ViewController.swift in Sources */,
				5E419B9A27FBC243006EBFC4 /* AppDelegate.swift in Sources */,
				5E419B9C27FBC243006EBFC4 /* SceneDelegate.swift in Sources */,
				5E419BAE27FBDB04006EBFC4 /* DetailViewController.swift in Sources */,
			);
			runOnlyForDeploymentPostprocessing = 0;
		};
/* End PBXSourcesBuildPhase section */

/* Begin PBXVariantGroup section */
		5E419B9F27FBC243006EBFC4 /* Main.storyboard */ = {
			isa = PBXVariantGroup;
			children = (
				5E419BA027FBC243006EBFC4 /* Base */,
			);
			name = Main.storyboard;
			sourceTree = "<group>";
		};
		5E419BA427FBC249006EBFC4 /* LaunchScreen.storyboard */ = {
			isa = PBXVariantGroup;
			children = (
				5E419BA527FBC249006EBFC4 /* Base */,
			);
			name = LaunchScreen.storyboard;
			sourceTree = "<group>";
		};
/* End PBXVariantGroup section */

/* Begin XCBuildConfiguration section */
		5E419BA827FBC249006EBFC4 /* Debug */ = {
			isa = XCBuildConfiguration;
			buildSettings = {
				ALWAYS_SEARCH_USER_PATHS = NO;
				CLANG_ANALYZER_NONNULL = YES;
				CLANG_ANALYZER_NUMBER_OBJECT_CONVERSION = YES_AGGRESSIVE;
				CLANG_CXX_LANGUAGE_STANDARD = "gnu++17";
				CLANG_CXX_LIBRARY = "libc++";
				CLANG_ENABLE_MODULES = YES;
				CLANG_ENABLE_OBJC_ARC = YES;
				CLANG_ENABLE_OBJC_WEAK = YES;
				CLANG_WARN_BLOCK_CAPTURE_AUTORELEASING = YES;
				CLANG_WARN_BOOL_CONVERSION = YES;
				CLANG_WARN_COMMA = YES;
				CLANG_WARN_CONSTANT_CONVERSION = YES;
				CLANG_WARN_DEPRECATED_OBJC_IMPLEMENTATIONS = YES;
				CLANG_WARN_DIRECT_OBJC_ISA_USAGE = YES_ERROR;
				CLANG_WARN_DOCUMENTATION_COMMENTS = YES;
				CLANG_WARN_EMPTY_BODY = YES;
				CLANG_WARN_ENUM_CONVERSION = YES;
				CLANG_WARN_INFINITE_RECURSION = YES;
				CLANG_WARN_INT_CONVERSION = YES;
				CLANG_WARN_NON_LITERAL_NULL_CONVERSION = YES;
				CLANG_WARN_OBJC_IMPLICIT_RETAIN_SELF = YES;
				CLANG_WARN_OBJC_LITERAL_CONVERSION = YES;
				CLANG_WARN_OBJC_ROOT_CLASS = YES_ERROR;
				CLANG_WARN_QUOTED_INCLUDE_IN_FRAMEWORK_HEADER = YES;
				CLANG_WARN_RANGE_LOOP_ANALYSIS = YES;
				CLANG_WARN_STRICT_PROTOTYPES = YES;
				CLANG_WARN_SUSPICIOUS_MOVE = YES;
				CLANG_WARN_UNGUARDED_AVAILABILITY = YES_AGGRESSIVE;
				CLANG_WARN_UNREACHABLE_CODE = YES;
				CLANG_WARN__DUPLICATE_METHOD_MATCH = YES;
				COPY_PHASE_STRIP = NO;
				DEBUG_INFORMATION_FORMAT = dwarf;
				ENABLE_STRICT_OBJC_MSGSEND = YES;
				ENABLE_TESTABILITY = YES;
				GCC_C_LANGUAGE_STANDARD = gnu11;
				GCC_DYNAMIC_NO_PIC = NO;
				GCC_NO_COMMON_BLOCKS = YES;
				GCC_OPTIMIZATION_LEVEL = 0;
				GCC_PREPROCESSOR_DEFINITIONS = (
					"DEBUG=1",
					"$(inherited)",
				);
				GCC_WARN_64_TO_32_BIT_CONVERSION = YES;
				GCC_WARN_ABOUT_RETURN_TYPE = YES_ERROR;
				GCC_WARN_UNDECLARED_SELECTOR = YES;
				GCC_WARN_UNINITIALIZED_AUTOS = YES_AGGRESSIVE;
				GCC_WARN_UNUSED_FUNCTION = YES;
				GCC_WARN_UNUSED_VARIABLE = YES;
				IPHONEOS_DEPLOYMENT_TARGET = 15.2;
				MTL_ENABLE_DEBUG_INFO = INCLUDE_SOURCE;
				MTL_FAST_MATH = YES;
				ONLY_ACTIVE_ARCH = YES;
				SDKROOT = iphoneos;
				SWIFT_ACTIVE_COMPILATION_CONDITIONS = DEBUG;
				SWIFT_OPTIMIZATION_LEVEL = "-Onone";
			};
			name = Debug;
		};
		5E419BA927FBC249006EBFC4 /* Release */ = {
			isa = XCBuildConfiguration;
			buildSettings = {
				ALWAYS_SEARCH_USER_PATHS = NO;
				CLANG_ANALYZER_NONNULL = YES;
				CLANG_ANALYZER_NUMBER_OBJECT_CONVERSION = YES_AGGRESSIVE;
				CLANG_CXX_LANGUAGE_STANDARD = "gnu++17";
				CLANG_CXX_LIBRARY = "libc++";
				CLANG_ENABLE_MODULES = YES;
				CLANG_ENABLE_OBJC_ARC = YES;
				CLANG_ENABLE_OBJC_WEAK = YES;
				CLANG_WARN_BLOCK_CAPTURE_AUTORELEASING = YES;
				CLANG_WARN_BOOL_CONVERSION = YES;
				CLANG_WARN_COMMA = YES;
				CLANG_WARN_CONSTANT_CONVERSION = YES;
				CLANG_WARN_DEPRECATED_OBJC_IMPLEMENTATIONS = YES;
				CLANG_WARN_DIRECT_OBJC_ISA_USAGE = YES_ERROR;
				CLANG_WARN_DOCUMENTATION_COMMENTS = YES;
				CLANG_WARN_EMPTY_BODY = YES;
				CLANG_WARN_ENUM_CONVERSION = YES;
				CLANG_WARN_INFINITE_RECURSION = YES;
				CLANG_WARN_INT_CONVERSION = YES;
				CLANG_WARN_NON_LITERAL_NULL_CONVERSION = YES;
				CLANG_WARN_OBJC_IMPLICIT_RETAIN_SELF = YES;
				CLANG_WARN_OBJC_LITERAL_CONVERSION = YES;
				CLANG_WARN_OBJC_ROOT_CLASS = YES_ERROR;
				CLANG_WARN_QUOTED_INCLUDE_IN_FRAMEWORK_HEADER = YES;
				CLANG_WARN_RANGE_LOOP_ANALYSIS = YES;
				CLANG_WARN_STRICT_PROTOTYPES = YES;
				CLANG_WARN_SUSPICIOUS_MOVE = YES;
				CLANG_WARN_UNGUARDED_AVAILABILITY = YES_AGGRESSIVE;
				CLANG_WARN_UNREACHABLE_CODE = YES;
				CLANG_WARN__DUPLICATE_METHOD_MATCH = YES;
				COPY_PHASE_STRIP = NO;
				DEBUG_INFORMATION_FORMAT = "dwarf-with-dsym";
				ENABLE_NS_ASSERTIONS = NO;
				ENABLE_STRICT_OBJC_MSGSEND = YES;
				GCC_C_LANGUAGE_STANDARD = gnu11;
				GCC_NO_COMMON_BLOCKS = YES;
				GCC_WARN_64_TO_32_BIT_CONVERSION = YES;
				GCC_WARN_ABOUT_RETURN_TYPE = YES_ERROR;
				GCC_WARN_UNDECLARED_SELECTOR = YES;
				GCC_WARN_UNINITIALIZED_AUTOS = YES_AGGRESSIVE;
				GCC_WARN_UNUSED_FUNCTION = YES;
				GCC_WARN_UNUSED_VARIABLE = YES;
				IPHONEOS_DEPLOYMENT_TARGET = 15.2;
				MTL_ENABLE_DEBUG_INFO = NO;
				MTL_FAST_MATH = YES;
				SDKROOT = iphoneos;
				SWIFT_COMPILATION_MODE = wholemodule;
				SWIFT_OPTIMIZATION_LEVEL = "-O";
				VALIDATE_PRODUCT = YES;
			};
			name = Release;
		};
		5E419BAB27FBC249006EBFC4 /* Debug */ = {
			isa = XCBuildConfiguration;
			buildSettings = {
				ASSETCATALOG_COMPILER_APPICON_NAME = AppIcon;
				ASSETCATALOG_COMPILER_GLOBAL_ACCENT_COLOR_NAME = AccentColor;
				CODE_SIGN_STYLE = Automatic;
				CURRENT_PROJECT_VERSION = 1;
				DEVELOPMENT_TEAM = 7V63BRYHV5;
				GENERATE_INFOPLIST_FILE = YES;
				INFOPLIST_FILE = Project1/Info.plist;
				INFOPLIST_KEY_UIApplicationSupportsIndirectInputEvents = YES;
				INFOPLIST_KEY_UILaunchStoryboardName = LaunchScreen;
				INFOPLIST_KEY_UIMainStoryboardFile = Main;
				INFOPLIST_KEY_UISupportedInterfaceOrientations_iPad = "UIInterfaceOrientationPortrait UIInterfaceOrientationPortraitUpsideDown UIInterfaceOrientationLandscapeLeft UIInterfaceOrientationLandscapeRight";
				INFOPLIST_KEY_UISupportedInterfaceOrientations_iPhone = "UIInterfaceOrientationPortrait UIInterfaceOrientationLandscapeLeft UIInterfaceOrientationLandscapeRight";
				LD_RUNPATH_SEARCH_PATHS = (
					"$(inherited)",
					"@executable_path/Frameworks",
				);
				MARKETING_VERSION = 1.0;
				PRODUCT_BUNDLE_IDENTIFIER = com.example.Project1;
				PRODUCT_NAME = "$(TARGET_NAME)";
				SWIFT_EMIT_LOC_STRINGS = YES;
				SWIFT_VERSION = 5.0;
				TARGETED_DEVICE_FAMILY = "1,2";
			};
			name = Debug;
		};
		5E419BAC27FBC249006EBFC4 /* Release */ = {
			isa = XCBuildConfiguration;
			buildSettings = {
				ASSETCATALOG_COMPILER_APPICON_NAME = AppIcon;
				ASSETCATALOG_COMPILER_GLOBAL_ACCENT_COLOR_NAME = AccentColor;
				CODE_SIGN_STYLE = Automatic;
				CURRENT_PROJECT_VERSION = 1;
				DEVELOPMENT_TEAM = 7V63BRYHV5;
				GENERATE_INFOPLIST_FILE = YES;
				INFOPLIST_FILE = Project1/Info.plist;
				INFOPLIST_KEY_UIApplicationSupportsIndirectInputEvents = YES;
				INFOPLIST_KEY_UILaunchStoryboardName = LaunchScreen;
				INFOPLIST_KEY_UIMainStoryboardFile = Main;
				INFOPLIST_KEY_UISupportedInterfaceOrientations_iPad = "UIInterfaceOrientationPortrait UIInterfaceOrientationPortraitUpsideDown UIInterfaceOrientationLandscapeLeft UIInterfaceOrientationLandscapeRight";
				INFOPLIST_KEY_UISupportedInterfaceOrientations_iPhone = "UIInterfaceOrientationPortrait UIInterfaceOrientationLandscapeLeft UIInterfaceOrientationLandscapeRight";
				LD_RUNPATH_SEARCH_PATHS = (
					"$(inherited)",
					"@executable_path/Frameworks",
				);
				MARKETING_VERSION = 1.0;
				PRODUCT_BUNDLE_IDENTIFIER = com.example.Project1;
				PRODUCT_NAME = "$(TARGET_NAME)";
				SWIFT_EMIT_LOC_STRINGS = YES;
				SWIFT_VERSION = 5.0;
				TARGETED_DEVICE_FAMILY = "1,2";
			};
			name = Release;
		};
/* End XCBuildConfiguration section */

/* Begin XCConfigurationList section */
		5E419B9127FBC243006EBFC4 /* Build configuration list for PBXProject "Project1" */ = {
			isa = XCConfigurationList;
			buildConfigurations = (
				5E419BA827FBC249006EBFC4 /* Debug */,
				5E419BA927FBC249006EBFC4 /* Release */,
			);
			defaultConfigurationIsVisible = 0;
			defaultConfigurationName = Release;
		};
		5E419BAA27FBC249006EBFC4 /* Build configuration list for PBXNativeTarget "Project1" */ = {
			isa = XCConfigurationList;
			buildConfigurations = (
				5E419BAB27FBC249006EBFC4 /* Debug */,
				5E419BAC27FBC249006EBFC4 /* Release */,
			);
			defaultConfigurationIsVisible = 0;
			defaultConfigurationName = Release;
		};
/* End XCConfigurationList section */
	};
	rootObject = 5E419B8E27FBC243006EBFC4 /* Project object */;
}
